
Microsoft Visual Studio Solution File, Format Version 12.00
# Visual Studio Version 17
VisualStudioVersion = 17.14.36212.18 d17.14
MinimumVisualStudioVersion = 10.0.40219.1
Project("{FAE04EC0-301F-11D3-BF4B-00C04F79EFBC}") = "CRUDapp", "CRUDapp\CRUDapp.csproj", "{FE70ABF2-3C66-4BE9-88A9-961F7A8DFC93}"
EndProject
Global
	GlobalSection(SolutionConfigurationPlatforms) = preSolution
		Debug|Any CPU = Debug|Any CPU
		Release|Any CPU = Release|Any CPU
	EndGlobalSection
	GlobalSection(ProjectConfigurationPlatforms) = postSolution
		{FE70ABF2-3C66-4BE9-88A9-961F7A8DFC93}.Debug|Any CPU.ActiveCfg = Debug|Any CPU
		{FE70ABF2-3C66-4BE9-88A9-961F7A8DFC93}.Debug|Any CPU.Build.0 = Debug|Any CPU
		{FE70ABF2-3C66-4BE9-88A9-961F7A8DFC93}.Release|Any CPU.ActiveCfg = Release|Any CPU
		{FE70ABF2-3C66-4BE9-88A9-961F7A8DFC93}.Release|Any CPU.Build.0 = Release|Any CPU
	EndGlobalSection
	GlobalSection(SolutionProperties) = preSolution
		HideSolutionNode = FALSE
	EndGlobalSection
	GlobalSection(ExtensibilityGlobals) = postSolution
		SolutionGuid = {36815D97-08E4-4260-8932-0ED6F6410D12}
	EndGlobalSection
EndGlobal
